#MicroXplorer Configuration settings - do not modify
Mcu.Family=STM32WL
SH.GPXTI1.0=GPIO_EXTI1
ProjectManager.MainLocation=Core/Src
NVIC1.EXTI1_IRQn=true\:0\:0\:false\:false\:true\:true\:true
CortexM0Plus.IPs=ADV_TRACE,DMA,GTZC_S\:I,IPCC,LORAWAN,MISC,NVIC2\:I,RCC,SEQUENCER_M0PLUS\:I,SIGFOX,SUBGHZ\:I,SUBGHZ_PHY,SYS_M0PLUS\:I,TIMER,TINY_LPM
SYS_M0PLUS.userName=SYS_M0+
NVIC1.HardFault_IRQn=true\:0\:0\:false\:false\:true\:false\:false
RCC.PLLQoutputFreq_Value=16000000
ProjectManager.ProjectFileName=IPCC.ioc
ProjectManager.KeepUserCode=true
Mcu.UserName=STM32WL55JCIx
Mcu.PinsNb=9
ProjectManager.NoMain=false
NVIC2.SysTick_IRQn=true\:0\:0\:false\:false\:true\:false\:true
PC6.ContextOwner=CortexM0Plus
PCC.SUBGHZ.OptionalSettings=false
CortexM4.Pins=PA1
ProjectManager.functionlistsort=1-MX_GPIO_Init-GPIO-false-HAL-true-CortexM4,2-SystemClock_Config-RCC-false-HAL-false-CortexM4,3-MX_IPCC_Init-IPCC-false-HAL-true-CortexM4,1-MX_GPIO_Init-GPIO-false-HAL-true-CortexM0Plus,2-MX_IPCC_Init-IPCC-false-HAL-true-CortexM0Plus
PC6.Signal=GPXTI6
VP_IPCC_VS_IPCC.Signal=IPCC_VS_IPCC
NVIC1.PriorityGroup=NVIC_PRIORITYGROUP_4
SH.GPXTI0.ConfNb=1
ProjectManager.DefaultFWLocation=true
PCC.SUBGHZ.RxBoosted=false
VP_SYS_M0PLUS_VS_Systick.Signal=SYS_M0PLUS_VS_Systick
ProjectManager.DeletePrevious=true
RCC.HCLK2Freq_Value=4000000
PinOutPanel.RotationAngle=0
PinOutPanel.CurrentBGAView=Top
RCC.FamilyName=M
ProjectManager.StackSize=0x400
NVIC2.IPCC_C2_RX_C2_TX_IRQn=true\:0\:0\:false\:false\:true\:false\:true
PCC.SUBGHZ.Output.Power=14
SH.GPXTI6.0=GPIO_EXTI6
SYS.userName=SYS_M4
PA13.Signal=DEBUG_JTMS-SWDIO
Mcu.IP4=RCC
SH.GPXTI6.ConfNb=1
NVIC1.PendSV_IRQn=true\:0\:0\:false\:false\:true\:false\:false
Mcu.IP5=SYS_M0PLUS
PCC.SUBGHZ.FrequencyBand=High
Mcu.IP2=NVIC1
Mcu.IP3=NVIC2
Mcu.IP0=DEBUG
Mcu.IP1=IPCC
NVIC2.PendSV_IRQn=true\:0\:0\:false\:false\:true\:false\:false
NVIC1.SVCall_IRQn=true\:0\:0\:false\:false\:true\:false\:false
NVIC1.NonMaskableInt_IRQn=true\:0\:0\:false\:false\:true\:false\:false
Mcu.UserConstants=
ProjectManager.TargetToolchain=STM32CubeIDE
NVIC1.SysTick_IRQn=true\:0\:0\:false\:false\:true\:false\:true
Mcu.ThirdPartyNb=0
NVIC2.EXTI15_4_IRQn=true\:0\:0\:false\:false\:true\:true\:true
NVIC2.ForceEnableDMAVector=true
Mcu.IPNb=7
ProjectManager.PreviousToolchain=
PC6.Locked=true
NVIC1.ForceEnableDMAVector=true
Mcu.Pin6=VP_IPCC_VS_IPCC
Mcu.Pin7=VP_SYS_VS_Systick
ProjectManager.RegisterCallBack=
Mcu.Pin8=VP_SYS_M0PLUS_VS_Systick
RCC.LSE_VALUE=32768
PA1.GPIO_PuPd=GPIO_PULLUP
PA1.Signal=GPXTI1
Mcu.Pin0=PA14
Mcu.Pin1=PA13
GPIO.groupedBy=Group By Peripherals
Mcu.Pin2=PB3
Mcu.Pin3=PA0
Mcu.Pin4=PC6
ProjectManager.BootMode=boot0
Mcu.Pin5=PA1
ProjectManager.ProjectBuild=false
PA0.ContextOwner=CortexM0Plus
RCC.HSE_VALUE=8000000
NVIC2.NonMaskableInt_IRQn=true\:0\:0\:false\:false\:true\:false\:false
CortexM0Plus.Pins=PA0,PC6
PA0.Locked=true
PB3.Mode=Trace_Asynchronous_SW
board=custom
Mcu.ContextProject=DualCore
RCC.VCOOutputFreq_Value=32000000
NVIC1.IPCC_C1_RX_IRQn=true\:0\:0\:false\:false\:true\:false\:true
ProjectManager.LastFirmware=true
PCC.SUBGHZ.SMPS=Off
ProjectManager.FirmwarePackage=STM32Cube FW_WL V1.0.0
MxDb.Version=DB.6.0.21
PA1.GPIOParameters=GPIO_PuPd
NVIC1.UsageFault_IRQn=true\:0\:0\:false\:false\:true\:false\:false
ProjectManager.BackupPrevious=false
MxCube.Version=6.2.1
RCC.VCOInputFreq_Value=4000000
NVIC1.DebugMonitor_IRQn=true\:0\:0\:false\:false\:true\:false\:false
PA14.Mode=Trace_Asynchronous_SW
RCC.RNGFreq_Value=32000
File.Version=6
VP_SYS_VS_Systick.Mode=SysTick
RCC.PLLRCLKFreq_Value=16000000
NVIC1.MemoryManagement_IRQn=true\:0\:0\:false\:false\:true\:false\:false
PA13.Mode=Trace_Asynchronous_SW
NVIC2.SVC_IRQn=true\:0\:0\:false\:false\:true\:false\:false
ProjectManager.FreePins=false
RCC.IPParameters=FamilyName,HCLK2Freq_Value,HSE_VALUE,HSI_VALUE,I2S2Freq_Value,LSCOPinFreq_Value,LSE_VALUE,PLLPoutputFreq_Value,PLLQoutputFreq_Value,PLLRCLKFreq_Value,RNGFreq_Value,VCOInputFreq_Value,VCOOutputFreq_Value
ProjectManager.AskForMigrate=true
Mcu.Name=STM32WL55JCIx
VP_IPCC_VS_IPCC.Mode=IPCC_Activate
ProjectManager.HalAssertFull=false
ProjectManager.ProjectName=IPCC
ProjectManager.UnderRoot=true
PA0.Signal=GPXTI0
Mcu.IP6=SYS
ProjectManager.CoupleFile=false
PB3.Signal=DEBUG_JTDO-SWO
Mcu.Package=UFBGA73
PA1.Locked=true
RCC.I2S2Freq_Value=16000000
KeepUserPlacement=false
ProjectManager.CompilerOptimize=6
PA0.GPIO_PuPd=GPIO_PULLUP
ProjectManager.ToolChainLocation=
VP_SYS_M0PLUS_VS_Systick.Mode=SysTick
VP_SYS_VS_Systick.Signal=SYS_VS_Systick
SH.GPXTI0.0=GPIO_EXTI0
RCC.LSCOPinFreq_Value=32000
PA14.Signal=DEBUG_JTCK-SWCLK
ProjectManager.HeapSize=0x200
PCC.SUBGHZ.Modulation=FSK
PA0.GPIOParameters=GPIO_PuPd
PC6.GPIO_PuPd=GPIO_PULLUP
PC6.GPIOParameters=GPIO_PuPd
ProjectManager.ComputerToolchain=false
Mcu.Context0=CortexM4
RCC.HSI_VALUE=16000000
Mcu.Context1=CortexM0Plus
NVIC1.IPCC_C1_TX_IRQn=true\:0\:0\:false\:false\:true\:false\:true
RCC.PLLPoutputFreq_Value=16000000
SH.GPXTI1.ConfNb=1
NVIC1.BusFault_IRQn=true\:0\:0\:false\:false\:true\:false\:false
Mcu.ContextNb=2
ProjectManager.CustomerFirmwarePackage=
NVIC2.HardFault_IRQn=true\:0\:0\:false\:false\:true\:false\:false
ProjectManager.DeviceId=STM32WL55JCIx
ProjectManager.LibraryCopy=1
PCC.SUBGHZ.PowerAmplifier=Low Power
NVIC2.EXTI1_0_IRQn=true\:0\:0\:false\:false\:true\:true\:true
PA1.ContextOwner=CortexM4
CortexM4.IPs=ADV_TRACE\:I,DEBUG\:I,DMA\:I,FATFS\:I,FREERTOS\:I,GTZC_NS\:I,IPCC\:I,LORAWAN\:I,MISC\:I,NVIC1\:I,RCC\:I,SEQUENCER_M4\:I,SIGFOX\:I,SUBGHZ_PHY\:I,SYS\:I,TIMER\:I,TINY_LPM\:I
isbadioc=false
